<?xml version="1.0" encoding="utf-8"?>
<Project ToolsVersion="4.0" xmlns:atg="http://atg.xbox.com" xmlns="http://schemas.microsoft.com/developer/msbuild/2003">
  <ItemGroup>
    <Filter Include="Resource Files">
      <UniqueIdentifier>{8e114980-c1a3-4ada-ad7c-83caadf5daeb}</UniqueIdentifier>
      <Extensions>rc;ico;cur;bmp;dlg;rc2;rct;bin;rgs;gif;jpg;jpeg;jpe</Extensions>
    </Filter>
    <Filter Include="DXUT">
      <UniqueIdentifier>{a43c5c25-0e86-4a20-b64a-883785ff74fd}</UniqueIdentifier>
    </Filter>
    <Filter Include="Shaders">
      <UniqueIdentifier>{2c3d4c8c-5d1a-459a-a05a-a4e4b608a44e}</UniqueIdentifier>
      <Extensions>fx;fxh;hlsl</Extensions>
    </Filter>
    <Filter Include="Engine">
      <UniqueIdentifier>{4e94480e-cedc-4bdc-9bac-5f0beb3bb2fe}</UniqueIdentifier>
    </Filter>
    <Filter Include="Engine\Master">
      <UniqueIdentifier>{c55f79db-0c8a-47e2-92d0-5084372d5a53}</UniqueIdentifier>
    </Filter>
    <Filter Include="Engine\Game">
      <UniqueIdentifier>{893bd049-b8d6-463b-ab90-27b588afeacc}</UniqueIdentifier>
    </Filter>
    <Filter Include="Engine\Master\Scene">
      <UniqueIdentifier>{189c7d16-369f-4966-b176-9a274a8fd29b}</UniqueIdentifier>
    </Filter>
    <Filter Include="Engine\Enemy">
      <UniqueIdentifier>{0416d583-4da5-4e25-975f-767374a526ce}</UniqueIdentifier>
    </Filter>
  </ItemGroup>
  <ItemGroup>
    <None Include="DXUT\Optional\directx.ico">
      <Filter>Resource Files</Filter>
    </None>
    <ClInclude Include="DXUT\Core\DXUT.h">
      <Filter>DXUT</Filter>
    </ClInclude>
    <ClInclude Include="DXUT\Core\DXUTenum.h">
      <Filter>DXUT</Filter>
    </ClInclude>
    <ClInclude Include="DXUT\Core\DXUTmisc.h">
      <Filter>DXUT</Filter>
    </ClInclude>
    <ClCompile Include="DXUT\Core\DXUT.cpp">
      <Filter>DXUT</Filter>
    </ClCompile>
    <ClCompile Include="DXUT\Core\DXUTenum.cpp">
      <Filter>DXUT</Filter>
    </ClCompile>
    <ClCompile Include="DXUT\Core\DXUTmisc.cpp">
      <Filter>DXUT</Filter>
    </ClCompile>
    <ClInclude Include="DXUT\Optional\DXUTcamera.h">
      <Filter>DXUT</Filter>
    </ClInclude>
    <ClInclude Include="DXUT\Optional\DXUTgui.h">
      <Filter>DXUT</Filter>
    </ClInclude>
    <ClInclude Include="DXUT\Optional\DXUTres.h">
      <Filter>DXUT</Filter>
    </ClInclude>
    <ClInclude Include="DXUT\Optional\DXUTsettingsdlg.h">
      <Filter>DXUT</Filter>
    </ClInclude>
    <ClInclude Include="DXUT\Optional\SDKmesh.h">
      <Filter>DXUT</Filter>
    </ClInclude>
    <ClInclude Include="DXUT\Optional\SDKmisc.h">
      <Filter>DXUT</Filter>
    </ClInclude>
    <ClCompile Include="DXUT\Optional\DXUTcamera.cpp">
      <Filter>DXUT</Filter>
    </ClCompile>
    <ClCompile Include="DXUT\Optional\DXUTgui.cpp">
      <Filter>DXUT</Filter>
    </ClCompile>
    <ClCompile Include="DXUT\Optional\DXUTres.cpp">
      <Filter>DXUT</Filter>
    </ClCompile>
    <ClCompile Include="DXUT\Optional\DXUTsettingsdlg.cpp">
      <Filter>DXUT</Filter>
    </ClCompile>
    <ClCompile Include="DXUT\Optional\SDKmesh.cpp">
      <Filter>DXUT</Filter>
    </ClCompile>
    <ClCompile Include="DXUT\Optional\SDKmisc.cpp">
      <Filter>DXUT</Filter>
    </ClCompile>
  </ItemGroup>
  <ItemGroup>
    <ClCompile Include="Lib.cpp" />
    <ClCompile Include="Instance.cpp">
      <Filter>Engine\Master</Filter>
    </ClCompile>
    <ClCompile Include="Node.cpp">
      <Filter>Engine\Master</Filter>
    </ClCompile>
    <ClCompile Include="Player.cpp">
      <Filter>Engine\Game</Filter>
    </ClCompile>
    <ClCompile Include="Sprite.cpp">
      <Filter>Engine\Master</Filter>
    </ClCompile>
    <ClCompile Include="Scene.cpp">
      <Filter>Engine\Master</Filter>
    </ClCompile>
    <ClCompile Include="MenuScene.cpp">
      <Filter>Engine\Master\Scene</Filter>
    </ClCompile>
    <ClCompile Include="GameScene.cpp">
      <Filter>Engine\Master\Scene</Filter>
    </ClCompile>
    <ClCompile Include="Monster.cpp">
      <Filter>Engine\Game</Filter>
    </ClCompile>
    <ClCompile Include="Enemy.cpp">
      <Filter>Engine\Enemy</Filter>
    </ClCompile>
    <ClCompile Include="Bullet.cpp">
      <Filter>Engine\Enemy</Filter>
    </ClCompile>
  </ItemGroup>
  <ItemGroup>
    <CLInclude Include="resource.h">
      <Filter>Resource Files</Filter>
    </CLInclude>
    <ResourceCompile Include="Lib.rc">
      <Filter>Resource Files</Filter>
    </ResourceCompile>
    <ClInclude Include="Instance.h">
      <Filter>Engine\Master</Filter>
    </ClInclude>
    <ClInclude Include="Node.h">
      <Filter>Engine\Master</Filter>
    </ClInclude>
    <ClInclude Include="Player.h">
      <Filter>Engine\Game</Filter>
    </ClInclude>
    <ClInclude Include="Sprite.h">
      <Filter>Engine\Master</Filter>
    </ClInclude>
    <ClInclude Include="Scene.h">
      <Filter>Engine\Master</Filter>
    </ClInclude>
    <ClInclude Include="GameScene.h">
      <Filter>Engine\Master\Scene</Filter>
    </ClInclude>
    <ClInclude Include="MenuScene.h">
      <Filter>Engine\Master\Scene</Filter>
    </ClInclude>
    <ClInclude Include="Include.h">
      <Filter>Engine</Filter>
    </ClInclude>
    <ClInclude Include="Monster.h">
      <Filter>Engine\Game</Filter>
    </ClInclude>
    <ClInclude Include="Enemy.h">
      <Filter>Engine\Enemy</Filter>
    </ClInclude>
    <ClInclude Include="Bullet.h">
      <Filter>Engine\Enemy</Filter>
    </ClInclude>
  </ItemGroup>
  <ItemGroup>
  </ItemGroup>
</Project>